[midoku-http]
path = "../../../midoku-http/wit"
sha256 = "f2dc2a08db440bd201404a2fcb7a575fb160bd06c55e5754701b41ae6ff79aba"
sha512 = "b1fd477be282dc035a1dc50d1f9709edd75b9477a953a0678c77898a88f96068c884256a0a8d670232acd713b28f7e1dcd14c5e709485fb3440735d1c05f5248"

[midoku-limiter]
path = "../../../midoku-limiter/wit"
sha256 = "63bd743a79ff45826e07d17c0d785cb0e6accfab4850522aa6a86f30227d9238"
sha512 = "4ff63f86be6faae2c7a4a5abf39edc0873170707da3488615c88cc2264d8254c841fb1447d24f00e471ba1009b537d1cf47e020d129d3279ec89dab438a0d83e"

[midoku-types]
path = "../../../midoku-types/witgen"
sha256 = "7a013d9a2c806812335a442e9ef49d2d006c950a758977abfb9c83e52571544c"
sha512 = "c1e3f51c09af9c97efe7d8e7efa7afc38dd3fc0f300b65435864b12fe509b0883a4807c3c24b7421c64bf408be02d7e5b90a4d5e8024e5a6280a5b69cb46062a"
