[midoku-http]
path = "../../../midoku-http/wit"
sha256 = "9f50df5bfb4c2f198cb3ca138dd4f433c846a3a43a73f631f6a9834ff56e03d1"
sha512 = "ae0bf5218af1207c06f9fca3ee6354096f5a83c3bccf2622491e21bc1ae0676c4a7f358822238d51722f55744a4a66c8ccda225b5a065743f91b2b237b3415ad"

[midoku-limiter]
path = "../../../midoku-limiter/wit"
sha256 = "63bd743a79ff45826e07d17c0d785cb0e6accfab4850522aa6a86f30227d9238"
sha512 = "4ff63f86be6faae2c7a4a5abf39edc0873170707da3488615c88cc2264d8254c841fb1447d24f00e471ba1009b537d1cf47e020d129d3279ec89dab438a0d83e"

[midoku-types]
path = "../../../midoku-types/wit"
sha256 = "bc157d764dd82adfa1a76f1f507ce45d88cf59f6a09c2726af236388c59e1eb8"
sha512 = "13c4edeb8de03979ca8ec2280ef5e7a1ddf5d513d9b91b2deb3859004eb1a1c1a43eb79d8c3931aa5dd6e04dba4daafe16071bf4637253f96577422b094639c8"
