[midoku-http]
path = "../../midoku-http/wit"
sha256 = "9f50df5bfb4c2f198cb3ca138dd4f433c846a3a43a73f631f6a9834ff56e03d1"
sha512 = "ae0bf5218af1207c06f9fca3ee6354096f5a83c3bccf2622491e21bc1ae0676c4a7f358822238d51722f55744a4a66c8ccda225b5a065743f91b2b237b3415ad"

[midoku-limiter]
path = "../../midoku-limiter/wit"
sha256 = "63bd743a79ff45826e07d17c0d785cb0e6accfab4850522aa6a86f30227d9238"
sha512 = "4ff63f86be6faae2c7a4a5abf39edc0873170707da3488615c88cc2264d8254c841fb1447d24f00e471ba1009b537d1cf47e020d129d3279ec89dab438a0d83e"

[midoku-types]
path = "../../midoku-types/wit"
sha256 = "33475e27bddb49289c6218954deb3cecfdf074d4a71fe61339f693c91cbb25dd"
sha512 = "34480f4e91fb0995a627296f399e35685a436d76f0091cc321a9244a089ffd25eee907362e8ef5c28698ab0d0a64593c393a6aa752e5dc5e9d020ac43e7be53f"
