[midoku-http]
path = "../../midoku-http/wit"
sha256 = "9f50df5bfb4c2f198cb3ca138dd4f433c846a3a43a73f631f6a9834ff56e03d1"
sha512 = "ae0bf5218af1207c06f9fca3ee6354096f5a83c3bccf2622491e21bc1ae0676c4a7f358822238d51722f55744a4a66c8ccda225b5a065743f91b2b237b3415ad"

[midoku-limiter]
path = "../../midoku-limiter/wit"
sha256 = "f902f957e050a10588820531e7ad8a93083bffcdb0bbd1d8a037fad6671c3e4a"
sha512 = "d9ee55ac4ad434539a6be1d3bc26d004185ffd34a2512b7f835f8e793abb06646ad0721963f9801067a4f117c8c24487e9c9e316d0053ac9a3868ee7a4a0580b"

[midoku-settings]
path = "../../midoku-settings/wit"
sha256 = "9372f931f5edbb3eb04c4f2346c558f0784523963c8aed40c67f20ef0993dcf1"
sha512 = "ab1e853902a7aa6a56495a49aa81bb269b4185d6fe709ce503853ad88b4f5399a462adb38c5600a84397b993340e869a9b91d31870605b3d6e768f04c29310e2"

[midoku-types]
path = "../../midoku-types/wit"
sha256 = "f8b2aa0fa9ecd8e12ec858564e424bd0562fd92a4469d593bc8b6667e55c71f9"
sha512 = "6150188fa71019584870d88a748badb48cb432c5b7e4eccf4579b370041f30a17e74202d09907401dcf570a0fadd669b2e8942160926d4722d13a4c8ede102a6"
