[midoku-bindings]
path = "../../../midoku-bindings/wit"
sha256 = "ed4590371803ebe766e9bbe4e1cdd6b1eea8fa90f2548ab1ce40e9efc556b7f0"
sha512 = "d2465a406d4b81259a4f8fa38fa7c368a707e61742addff2f3a1e3f3d418acd1bb897c9577c48b5c5caf756713a31cbdfddde6a89e89a2a086862d79a6f4296d"
deps = ["midoku-http", "midoku-limiter", "midoku-types"]

[midoku-http]
sha256 = "9f50df5bfb4c2f198cb3ca138dd4f433c846a3a43a73f631f6a9834ff56e03d1"
sha512 = "ae0bf5218af1207c06f9fca3ee6354096f5a83c3bccf2622491e21bc1ae0676c4a7f358822238d51722f55744a4a66c8ccda225b5a065743f91b2b237b3415ad"

[midoku-limiter]
sha256 = "63bd743a79ff45826e07d17c0d785cb0e6accfab4850522aa6a86f30227d9238"
sha512 = "4ff63f86be6faae2c7a4a5abf39edc0873170707da3488615c88cc2264d8254c841fb1447d24f00e471ba1009b537d1cf47e020d129d3279ec89dab438a0d83e"

[midoku-types]
sha256 = "237d51e4c7b355cd475bb2cc289e42c3f4a25a2e0fe4442df6d6ca0569f0d4b6"
sha512 = "88a2f974e341bbe2da73a492b65e931f31b1541ac4e247508678770599675990de5ea2e91752a4d23fed8404c0bd972015ce7d06df20874ac0949c316c30336c"
