[midoku-bindings]
path = "../../../midoku-bindings/wit"
sha256 = "6a6b433de84796f0685ff2b00627389f309cf100662c4f9a1601b336dc3f4564"
sha512 = "4154dc2844c6f8b4d4b25cf2f71611e892d22a83d052165564ff5d0cc0ac7a34b6fb84de939faa8039df9ce55fad8f03ce2b7efe592fc5235723fe5246c4d33a"
deps = ["midoku-http", "midoku-limiter", "midoku-types"]

[midoku-http]
sha256 = "9f50df5bfb4c2f198cb3ca138dd4f433c846a3a43a73f631f6a9834ff56e03d1"
sha512 = "ae0bf5218af1207c06f9fca3ee6354096f5a83c3bccf2622491e21bc1ae0676c4a7f358822238d51722f55744a4a66c8ccda225b5a065743f91b2b237b3415ad"

[midoku-limiter]
sha256 = "63bd743a79ff45826e07d17c0d785cb0e6accfab4850522aa6a86f30227d9238"
sha512 = "4ff63f86be6faae2c7a4a5abf39edc0873170707da3488615c88cc2264d8254c841fb1447d24f00e471ba1009b537d1cf47e020d129d3279ec89dab438a0d83e"

[midoku-types]
sha256 = "b68b95e400a6e360e9586f72a6eba4ca78d4ca379d95f350154e24f48039448f"
sha512 = "dd24e1167980485118a0824095af8760f9574b7c1355b2e52b3bb77aa8966d54409fa3f5b58eb5f0335416c60fb83364c2e8d62d0ca5a3bbaec23799685a9299"
