[midoku-bindings]
path = "../../../midoku-bindings/wit"
sha256 = "6722094169d03a2a90380ad1d99ebb58dd550161983eca9bdb4f6d28c83f4c6c"
sha512 = "6c13e784037a83b60f235ca29b144547f66b084fbaa3726f701c8b89e3d935fb91de8c57169700aad7bf5621761f5d3ce61ddddd914e87632128de4a21b2a9d8"
deps = ["midoku-http", "midoku-limiter", "midoku-settings", "midoku-types"]

[midoku-http]
sha256 = "9f50df5bfb4c2f198cb3ca138dd4f433c846a3a43a73f631f6a9834ff56e03d1"
sha512 = "ae0bf5218af1207c06f9fca3ee6354096f5a83c3bccf2622491e21bc1ae0676c4a7f358822238d51722f55744a4a66c8ccda225b5a065743f91b2b237b3415ad"

[midoku-limiter]
sha256 = "63bd743a79ff45826e07d17c0d785cb0e6accfab4850522aa6a86f30227d9238"
sha512 = "4ff63f86be6faae2c7a4a5abf39edc0873170707da3488615c88cc2264d8254c841fb1447d24f00e471ba1009b537d1cf47e020d129d3279ec89dab438a0d83e"

[midoku-settings]
sha256 = "9372f931f5edbb3eb04c4f2346c558f0784523963c8aed40c67f20ef0993dcf1"
sha512 = "ab1e853902a7aa6a56495a49aa81bb269b4185d6fe709ce503853ad88b4f5399a462adb38c5600a84397b993340e869a9b91d31870605b3d6e768f04c29310e2"

[midoku-types]
sha256 = "f8b2aa0fa9ecd8e12ec858564e424bd0562fd92a4469d593bc8b6667e55c71f9"
sha512 = "6150188fa71019584870d88a748badb48cb432c5b7e4eccf4579b370041f30a17e74202d09907401dcf570a0fadd669b2e8942160926d4722d13a4c8ede102a6"
